{
  "nodes": {
    "nixpkgs": {
      "locked": {
        "lastModified": 1779414690,
        "narHash": "sha256-gOTcX/9MZVMUE0Xvb4IEcv+0TQJkZFNEnL757ljU360=",
        "owner": "NixOS",
        "repo": "nixpkgs",
        "rev": "6dedf69f94d03cbe7bdde106f2d4c23ae2a853bf",
        "type": "github"
      },
      "original": {
        "owner": "NixOS",
        "ref": "nixpkgs-unstable",
        "repo": "nixpkgs",
        "type": "github"
      }
    },
    "plugins-lze": {
      "flake": false,
      "locked": {
        "lastModified": 1779072938,
        "narHash": "sha256-u51pEVISr/jthElqorjttpfK/V3/iDQmter5Upnt0XU=",
        "owner": "BirdeeHub",
        "repo": "lze",
        "rev": "1779386ec281b6c7fe7a5d3d501656ec345e9e37",
        "type": "github"
      },
      "original": {
        "owner": "BirdeeHub",
        "repo": "lze",
        "type": "github"
      }
    },
    "plugins-lzextras": {
      "flake": false,
      "locked": {
        "lastModified": 1779149362,
        "narHash": "sha256-neZA450ZP5nqaqp/uhQIEVVYBnYkvo0cBcC93F3D+Co=",
        "owner": "BirdeeHub",
        "repo": "lzextras",
        "rev": "138a1a08a8585520f3425a0e03390a534a376fdd",
        "type": "github"
      },
      "original": {
        "owner": "BirdeeHub",
        "repo": "lzextras",
        "type": "github"
      }
    },
    "root": {
      "inputs": {
        "nixpkgs": "nixpkgs",
        "plugins-lze": "plugins-lze",
        "plugins-lzextras": "plugins-lzextras",
        "wrappers": "wrappers"
      }
    },
    "wrappers": {
      "inputs": {
        "nixpkgs": [
          "nixpkgs"
        ]
      },
      "locked": {
        "lastModified": 1779297405,
        "narHash": "sha256-VFoBwH7ZjVxCnvZTb5ODRXt70sLtWMxstive0N+RS50=",
        "owner": "BirdeeHub",
        "repo": "nix-wrapper-modules",
        "rev": "e7ed7a1205945befdf2e0d73ba7df91d935e5af1",
        "type": "github"
      },
      "original": {
        "owner": "BirdeeHub",
        "repo": "nix-wrapper-modules",
        "type": "github"
      }
    }
  },
  "root": "root",
  "version": 7
}
